
Microsoft Visual Studio Solution File, Format Version 12.00
# Visual Studio Version 16
VisualStudioVersion = 16.0.30804.86
MinimumVisualStudioVersion = 10.0.40219.1
Project("{FAE04EC0-301F-11D3-BF4B-00C04F79EFBC}") = "change", "change.csproj", "{55C10D9B-FACE-4E26-A097-3CAA29483D28}"
EndProject
Global
	GlobalSection(SolutionConfigurationPlatforms) = preSolution
		Debug|Any CPU = Debug|Any CPU
		Release|Any CPU = Release|Any CPU
	EndGlobalSection
	GlobalSection(ProjectConfigurationPlatforms) = postSolution
		{55C10D9B-FACE-4E26-A097-3CAA29483D28}.Debug|Any CPU.ActiveCfg = Debug|Any CPU
		{55C10D9B-FACE-4E26-A097-3CAA29483D28}.Debug|Any CPU.Build.0 = Debug|Any CPU
		{55C10D9B-FACE-4E26-A097-3CAA29483D28}.Release|Any CPU.ActiveCfg = Release|Any CPU
		{55C10D9B-FACE-4E26-A097-3CAA29483D28}.Release|Any CPU.Build.0 = Release|Any CPU
	EndGlobalSection
	GlobalSection(SolutionProperties) = preSolution
		HideSolutionNode = FALSE
	EndGlobalSection
	GlobalSection(ExtensibilityGlobals) = postSolution
		SolutionGuid = {773A6036-ED2F-4E68-A0E5-77B8D084936D}
	EndGlobalSection
EndGlobal
