
Microsoft Visual Studio Solution File, Format Version 12.00
# Visual Studio Version 16
VisualStudioVersion = 16.0.30804.86
MinimumVisualStudioVersion = 10.0.40219.1
Project("{FAE04EC0-301F-11D3-BF4B-00C04F79EFBC}") = "change-gui", "change-gui.csproj", "{FDDE87CB-7865-4195-8750-B0FD035C7FB3}"
EndProject
Global
	GlobalSection(SolutionConfigurationPlatforms) = preSolution
		Debug|Any CPU = Debug|Any CPU
		Release|Any CPU = Release|Any CPU
	EndGlobalSection
	GlobalSection(ProjectConfigurationPlatforms) = postSolution
		{FDDE87CB-7865-4195-8750-B0FD035C7FB3}.Debug|Any CPU.ActiveCfg = Debug|Any CPU
		{FDDE87CB-7865-4195-8750-B0FD035C7FB3}.Debug|Any CPU.Build.0 = Debug|Any CPU
		{FDDE87CB-7865-4195-8750-B0FD035C7FB3}.Release|Any CPU.ActiveCfg = Release|Any CPU
		{FDDE87CB-7865-4195-8750-B0FD035C7FB3}.Release|Any CPU.Build.0 = Release|Any CPU
	EndGlobalSection
	GlobalSection(SolutionProperties) = preSolution
		HideSolutionNode = FALSE
	EndGlobalSection
	GlobalSection(ExtensibilityGlobals) = postSolution
		SolutionGuid = {0F36C6EA-C000-44FB-9988-822B867DC631}
	EndGlobalSection
EndGlobal
